// !$*UTF8*$!
{
	archiveVersion = 1;
	classes = {
	};
	objectVersion = 50;
	objects = {

/* Begin PBXBuildFile section */
		4548F99E2375D937004E4E61 /* AppDelegate.swift in Sources */ = {isa = PBXBuildFile; fileRef = 4548F99D2375D937004E4E61 /* AppDelegate.swift */; };
		4548F9A02375D937004E4E61 /* SceneDelegate.swift in Sources */ = {isa = PBXBuildFile; fileRef = 4548F99F2375D937004E4E61 /* SceneDelegate.swift */; };
		4548F9A22375D937004E4E61 /* ViewController.swift in Sources */ = {isa = PBXBuildFile; fileRef = 4548F9A12375D937004E4E61 /* ViewController.swift */; };
		4548F9A52375D937004E4E61 /* Main.storyboard in Resources */ = {isa = PBXBuildFile; fileRef = 4548F9A32375D937004E4E61 /* Main.storyboard */; };
		4548F9A72375D938004E4E61 /* Assets.xcassets in Resources */ = {isa = PBXBuildFile; fileRef = 4548F9A62375D938004E4E61 /* Assets.xcassets */; };
		4548F9AA2375D938004E4E61 /* LaunchScreen.storyboard in Resources */ = {isa = PBXBuildFile; fileRef = 4548F9A82375D938004E4E61 /* LaunchScreen.storyboard */; };
		454A832623787FAF006838EB /* CurrencyViewController.swift in Sources */ = {isa = PBXBuildFile; fileRef = 454A832523787FAF006838EB /* CurrencyViewController.swift */; };
		454A832A23788182006838EB /* CountryWiseCurrency.swift in Sources */ = {isa = PBXBuildFile; fileRef = 454A832923788182006838EB /* CountryWiseCurrency.swift */; };
		454E55152377BB27009C7F5D /* CurrencyCalculator.swift in Sources */ = {isa = PBXBuildFile; fileRef = 454E55142377BB27009C7F5D /* CurrencyCalculator.swift */; };
/* End PBXBuildFile section */

/* Begin PBXFileReference section */
		4548F99A2375D937004E4E61 /* CurrencyConverter.app */ = {isa = PBXFileReference; explicitFileType = wrapper.application; includeInIndex = 0; path = CurrencyConverter.app; sourceTree = BUILT_PRODUCTS_DIR; };
		4548F99D2375D937004E4E61 /* AppDelegate.swift */ = {isa = PBXFileReference; lastKnownFileType = sourcecode.swift; path = AppDelegate.swift; sourceTree = "<group>"; };
		4548F99F2375D937004E4E61 /* SceneDelegate.swift */ = {isa = PBXFileReference; lastKnownFileType = sourcecode.swift; path = SceneDelegate.swift; sourceTree = "<group>"; };
		4548F9A12375D937004E4E61 /* ViewController.swift */ = {isa = PBXFileReference; lastKnownFileType = sourcecode.swift; path = ViewController.swift; sourceTree = "<group>"; };
		4548F9A42375D937004E4E61 /* Base */ = {isa = PBXFileReference; lastKnownFileType = file.storyboard; name = Base; path = Base.lproj/Main.storyboard; sourceTree = "<group>"; };
		4548F9A62375D938004E4E61 /* Assets.xcassets */ = {isa = PBXFileReference; lastKnownFileType = folder.assetcatalog; path = Assets.xcassets; sourceTree = "<group>"; };
		4548F9A92375D938004E4E61 /* Base */ = {isa = PBXFileReference; lastKnownFileType = file.storyboard; name = Base; path = Base.lproj/LaunchScreen.storyboard; sourceTree = "<group>"; };
		4548F9AB2375D938004E4E61 /* Info.plist */ = {isa = PBXFileReference; lastKnownFileType = text.plist.xml; path = Info.plist; sourceTree = "<group>"; };
		454A832523787FAF006838EB /* CurrencyViewController.swift */ = {isa = PBXFileReference; lastKnownFileType = sourcecode.swift; path = CurrencyViewController.swift; sourceTree = "<group>"; };
		454A832923788182006838EB /* CountryWiseCurrency.swift */ = {isa = PBXFileReference; lastKnownFileType = sourcecode.swift; path = CountryWiseCurrency.swift; sourceTree = "<group>"; };
		454E55142377BB27009C7F5D /* CurrencyCalculator.swift */ = {isa = PBXFileReference; lastKnownFileType = sourcecode.swift; path = CurrencyCalculator.swift; sourceTree = "<group>"; };
/* End PBXFileReference section */

/* Begin PBXFrameworksBuildPhase section */
		4548F9972375D937004E4E61 /* Frameworks */ = {
			isa = PBXFrameworksBuildPhase;
			buildActionMask = 2147483647;
			files = (
			);
			runOnlyForDeploymentPostprocessing = 0;
		};
/* End PBXFrameworksBuildPhase section */

/* Begin PBXGroup section */
		4548F9912375D937004E4E61 = {
			isa = PBXGroup;
			children = (
				4548F99C2375D937004E4E61 /* CurrencyConverter */,
				4548F99B2375D937004E4E61 /* Products */,
			);
			sourceTree = "<group>";
		};
		4548F99B2375D937004E4E61 /* Products */ = {
			isa = PBXGroup;
			children = (
				4548F99A2375D937004E4E61 /* CurrencyConverter.app */,
			);
			name = Products;
			sourceTree = "<group>";
		};
		4548F99C2375D937004E4E61 /* CurrencyConverter */ = {
			isa = PBXGroup;
			children = (
				4548F99D2375D937004E4E61 /* AppDelegate.swift */,
				4548F99F2375D937004E4E61 /* SceneDelegate.swift */,
				454A832823787FDB006838EB /* Model */,
				454A832723787FD0006838EB /* Controller */,
				4548F9A32375D937004E4E61 /* Main.storyboard */,
				4548F9A62375D938004E4E61 /* Assets.xcassets */,
				4548F9A82375D938004E4E61 /* LaunchScreen.storyboard */,
				4548F9AB2375D938004E4E61 /* Info.plist */,
			);
			path = CurrencyConverter;
			sourceTree = "<group>";
		};
		454A832723787FD0006838EB /* Controller */ = {
			isa = PBXGroup;
			children = (
				454A832523787FAF006838EB /* CurrencyViewController.swift */,
				4548F9A12375D937004E4E61 /* ViewController.swift */,
			);
			path = Controller;
			sourceTree = "<group>";
		};
		454A832823787FDB006838EB /* Model */ = {
			isa = PBXGroup;
			children = (
				454E55142377BB27009C7F5D /* CurrencyCalculator.swift */,
				454A832923788182006838EB /* CountryWiseCurrency.swift */,
			);
			path = Model;
			sourceTree = "<group>";
		};
/* End PBXGroup section */

/* Begin PBXNativeTarget section */
		4548F9992375D937004E4E61 /* CurrencyConverter */ = {
			isa = PBXNativeTarget;
			buildConfigurationList = 4548F9AE2375D938004E4E61 /* Build configuration list for PBXNativeTarget "CurrencyConverter" */;
			buildPhases = (
				4548F9962375D937004E4E61 /* Sources */,
				4548F9972375D937004E4E61 /* Frameworks */,
				4548F9982375D937004E4E61 /* Resources */,
			);
			buildRules = (
			);
			dependencies = (
			);
			name = CurrencyConverter;
			productName = CurrencyConverter;
			productReference = 4548F99A2375D937004E4E61 /* CurrencyConverter.app */;
			productType = "com.apple.product-type.application";
		};
/* End PBXNativeTarget section */

/* Begin PBXProject section */
		4548F9922375D937004E4E61 /* Project object */ = {
			isa = PBXProject;
			attributes = {
				LastSwiftUpdateCheck = 1120;
				LastUpgradeCheck = 1120;
				ORGANIZATIONNAME = "vibin joby";
				TargetAttributes = {
					4548F9992375D937004E4E61 = {
						CreatedOnToolsVersion = 11.2;
					};
				};
			};
			buildConfigurationList = 4548F9952375D937004E4E61 /* Build configuration list for PBXProject "CurrencyConverter" */;
			compatibilityVersion = "Xcode 9.3";
			developmentRegion = en;
			hasScannedForEncodings = 0;
			knownRegions = (
				en,
				Base,
			);
			mainGroup = 4548F9912375D937004E4E61;
			productRefGroup = 4548F99B2375D937004E4E61 /* Products */;
			projectDirPath = "";
			projectRoot = "";
			targets = (
				4548F9992375D937004E4E61 /* CurrencyConverter */,
			);
		};
/* End PBXProject section */

/* Begin PBXResourcesBuildPhase section */
		4548F9982375D937004E4E61 /* Resources */ = {
			isa = PBXResourcesBuildPhase;
			buildActionMask = 2147483647;
			files = (
				4548F9AA2375D938004E4E61 /* LaunchScreen.storyboard in Resources */,
				4548F9A72375D938004E4E61 /* Assets.xcassets in Resources */,
				4548F9A52375D937004E4E61 /* Main.storyboard in Resources */,
			);
			runOnlyForDeploymentPostprocessing = 0;
		};
/* End PBXResourcesBuildPhase section */

/* Begin PBXSourcesBuildPhase section */
		4548F9962375D937004E4E61 /* Sources */ = {
			isa = PBXSourcesBuildPhase;
			buildActionMask = 2147483647;
			files = (
				454E55152377BB27009C7F5D /* CurrencyCalculator.swift in Sources */,
				4548F9A22375D937004E4E61 /* ViewController.swift in Sources */,
				4548F99E2375D937004E4E61 /* AppDelegate.swift in Sources */,
				4548F9A02375D937004E4E61 /* SceneDelegate.swift in Sources */,
				454A832623787FAF006838EB /* CurrencyViewController.swift in Sources */,
				454A832A23788182006838EB /* CountryWiseCurrency.swift in Sources */,
			);
			runOnlyForDeploymentPostprocessing = 0;
		};
/* End PBXSourcesBuildPhase section */

/* Begin PBXVariantGroup section */
		4548F9A32375D937004E4E61 /* Main.storyboard */ = {
			isa = PBXVariantGroup;
			children = (
				4548F9A42375D937004E4E61 /* Base */,
			);
			name = Main.storyboard;
			sourceTree = "<group>";
		};
		4548F9A82375D938004E4E61 /* LaunchScreen.storyboard */ = {
			isa = PBXVariantGroup;
			children = (
				4548F9A92375D938004E4E61 /* Base */,
			);
			name = LaunchScreen.storyboard;
			sourceTree = "<group>";
		};
/* End PBXVariantGroup section */

/* Begin XCBuildConfiguration section */
		4548F9AC2375D938004E4E61 /* Debug */ = {
			isa = XCBuildConfiguration;
			buildSettings = {
				ALWAYS_SEARCH_USER_PATHS = NO;
				CLANG_ANALYZER_NONNULL = YES;
				CLANG_ANALYZER_NUMBER_OBJECT_CONVERSION = YES_AGGRESSIVE;
				CLANG_CXX_LANGUAGE_STANDARD = "gnu++14";
				CLANG_CXX_LIBRARY = "libc++";
				CLANG_ENABLE_MODULES = YES;
				CLANG_ENABLE_OBJC_ARC = YES;
				CLANG_ENABLE_OBJC_WEAK = YES;
				CLANG_WARN_BLOCK_CAPTURE_AUTORELEASING = YES;
				CLANG_WARN_BOOL_CONVERSION = YES;
				CLANG_WARN_COMMA = YES;
				CLANG_WARN_CONSTANT_CONVERSION = YES;
				CLANG_WARN_DEPRECATED_OBJC_IMPLEMENTATIONS = YES;
				CLANG_WARN_DIRECT_OBJC_ISA_USAGE = YES_ERROR;
				CLANG_WARN_DOCUMENTATION_COMMENTS = YES;
				CLANG_WARN_EMPTY_BODY = YES;
				CLANG_WARN_ENUM_CONVERSION = YES;
				CLANG_WARN_INFINITE_RECURSION = YES;
				CLANG_WARN_INT_CONVERSION = YES;
				CLANG_WARN_NON_LITERAL_NULL_CONVERSION = YES;
				CLANG_WARN_OBJC_IMPLICIT_RETAIN_SELF = YES;
				CLANG_WARN_OBJC_LITERAL_CONVERSION = YES;
				CLANG_WARN_OBJC_ROOT_CLASS = YES_ERROR;
				CLANG_WARN_RANGE_LOOP_ANALYSIS = YES;
				CLANG_WARN_STRICT_PROTOTYPES = YES;
				CLANG_WARN_SUSPICIOUS_MOVE = YES;
				CLANG_WARN_UNGUARDED_AVAILABILITY = YES_AGGRESSIVE;
				CLANG_WARN_UNREACHABLE_CODE = YES;
				CLANG_WARN__DUPLICATE_METHOD_MATCH = YES;
				COPY_PHASE_STRIP = NO;
				DEBUG_INFORMATION_FORMAT = dwarf;
				ENABLE_STRICT_OBJC_MSGSEND = YES;
				ENABLE_TESTABILITY = YES;
				GCC_C_LANGUAGE_STANDARD = gnu11;
				GCC_DYNAMIC_NO_PIC = NO;
				GCC_NO_COMMON_BLOCKS = YES;
				GCC_OPTIMIZATION_LEVEL = 0;
				GCC_PREPROCESSOR_DEFINITIONS = (
					"DEBUG=1",
					"$(inherited)",
				);
				GCC_WARN_64_TO_32_BIT_CONVERSION = YES;
				GCC_WARN_ABOUT_RETURN_TYPE = YES_ERROR;
				GCC_WARN_UNDECLARED_SELECTOR = YES;
				GCC_WARN_UNINITIALIZED_AUTOS = YES_AGGRESSIVE;
				GCC_WARN_UNUSED_FUNCTION = YES;
				GCC_WARN_UNUSED_VARIABLE = YES;
				IPHONEOS_DEPLOYMENT_TARGET = 13.2;
				MTL_ENABLE_DEBUG_INFO = INCLUDE_SOURCE;
				MTL_FAST_MATH = YES;
				ONLY_ACTIVE_ARCH = YES;
				SDKROOT = iphoneos;
				SWIFT_ACTIVE_COMPILATION_CONDITIONS = DEBUG;
				SWIFT_OPTIMIZATION_LEVEL = "-Onone";
			};
			name = Debug;
		};
		4548F9AD2375D938004E4E61 /* Release */ = {
			isa = XCBuildConfiguration;
			buildSettings = {
				ALWAYS_SEARCH_USER_PATHS = NO;
				CLANG_ANALYZER_NONNULL = YES;
				CLANG_ANALYZER_NUMBER_OBJECT_CONVERSION = YES_AGGRESSIVE;
				CLANG_CXX_LANGUAGE_STANDARD = "gnu++14";
				CLANG_CXX_LIBRARY = "libc++";
				CLANG_ENABLE_MODULES = YES;
				CLANG_ENABLE_OBJC_ARC = YES;
				CLANG_ENABLE_OBJC_WEAK = YES;
				CLANG_WARN_BLOCK_CAPTURE_AUTORELEASING = YES;
				CLANG_WARN_BOOL_CONVERSION = YES;
				CLANG_WARN_COMMA = YES;
				CLANG_WARN_CONSTANT_CONVERSION = YES;
				CLANG_WARN_DEPRECATED_OBJC_IMPLEMENTATIONS = YES;
				CLANG_WARN_DIRECT_OBJC_ISA_USAGE = YES_ERROR;
				CLANG_WARN_DOCUMENTATION_COMMENTS = YES;
				CLANG_WARN_EMPTY_BODY = YES;
				CLANG_WARN_ENUM_CONVERSION = YES;
				CLANG_WARN_INFINITE_RECURSION = YES;
				CLANG_WARN_INT_CONVERSION = YES;
				CLANG_WARN_NON_LITERAL_NULL_CONVERSION = YES;
				CLANG_WARN_OBJC_IMPLICIT_RETAIN_SELF = YES;
				CLANG_WARN_OBJC_LITERAL_CONVERSION = YES;
				CLANG_WARN_OBJC_ROOT_CLASS = YES_ERROR;
				CLANG_WARN_RANGE_LOOP_ANALYSIS = YES;
				CLANG_WARN_STRICT_PROTOTYPES = YES;
				CLANG_WARN_SUSPICIOUS_MOVE = YES;
				CLANG_WARN_UNGUARDED_AVAILABILITY = YES_AGGRESSIVE;
				CLANG_WARN_UNREACHABLE_CODE = YES;
				CLANG_WARN__DUPLICATE_METHOD_MATCH = YES;
				COPY_PHASE_STRIP = NO;
				DEBUG_INFORMATION_FORMAT = "dwarf-with-dsym";
				ENABLE_NS_ASSERTIONS = NO;
				ENABLE_STRICT_OBJC_MSGSEND = YES;
				GCC_C_LANGUAGE_STANDARD = gnu11;
				GCC_NO_COMMON_BLOCKS = YES;
				GCC_WARN_64_TO_32_BIT_CONVERSION = YES;
				GCC_WARN_ABOUT_RETURN_TYPE = YES_ERROR;
				GCC_WARN_UNDECLARED_SELECTOR = YES;
				GCC_WARN_UNINITIALIZED_AUTOS = YES_AGGRESSIVE;
				GCC_WARN_UNUSED_FUNCTION = YES;
				GCC_WARN_UNUSED_VARIABLE = YES;
				IPHONEOS_DEPLOYMENT_TARGET = 13.2;
				MTL_ENABLE_DEBUG_INFO = NO;
				MTL_FAST_MATH = YES;
				SDKROOT = iphoneos;
				SWIFT_COMPILATION_MODE = wholemodule;
				SWIFT_OPTIMIZATION_LEVEL = "-O";
				VALIDATE_PRODUCT = YES;
			};
			name = Release;
		};
		4548F9AF2375D938004E4E61 /* Debug */ = {
			isa = XCBuildConfiguration;
			buildSettings = {
				ASSETCATALOG_COMPILER_APPICON_NAME = AppIcon;
				CODE_SIGN_STYLE = Automatic;
				DEVELOPMENT_TEAM = MZ4NR6L53X;
				INFOPLIST_FILE = CurrencyConverter/Info.plist;
				LD_RUNPATH_SEARCH_PATHS = (
					"$(inherited)",
					"@executable_path/Frameworks",
				);
				PRODUCT_BUNDLE_IDENTIFIER = com.test.CurrencyConverter;
				PRODUCT_NAME = "$(TARGET_NAME)";
				SWIFT_VERSION = 5.0;
				TARGETED_DEVICE_FAMILY = "1,2";
			};
			name = Debug;
		};
		4548F9B02375D938004E4E61 /* Release */ = {
			isa = XCBuildConfiguration;
			buildSettings = {
				ASSETCATALOG_COMPILER_APPICON_NAME = AppIcon;
				CODE_SIGN_STYLE = Automatic;
				DEVELOPMENT_TEAM = MZ4NR6L53X;
				INFOPLIST_FILE = CurrencyConverter/Info.plist;
				LD_RUNPATH_SEARCH_PATHS = (
					"$(inherited)",
					"@executable_path/Frameworks",
				);
				PRODUCT_BUNDLE_IDENTIFIER = com.test.CurrencyConverter;
				PRODUCT_NAME = "$(TARGET_NAME)";
				SWIFT_VERSION = 5.0;
				TARGETED_DEVICE_FAMILY = "1,2";
			};
			name = Release;
		};
/* End XCBuildConfiguration section */

/* Begin XCConfigurationList section */
		4548F9952375D937004E4E61 /* Build configuration list for PBXProject "CurrencyConverter" */ = {
			isa = XCConfigurationList;
			buildConfigurations = (
				4548F9AC2375D938004E4E61 /* Debug */,
				4548F9AD2375D938004E4E61 /* Release */,
			);
			defaultConfigurationIsVisible = 0;
			defaultConfigurationName = Release;
		};
		4548F9AE2375D938004E4E61 /* Build configuration list for PBXNativeTarget "CurrencyConverter" */ = {
			isa = XCConfigurationList;
			buildConfigurations = (
				4548F9AF2375D938004E4E61 /* Debug */,
				4548F9B02375D938004E4E61 /* Release */,
			);
			defaultConfigurationIsVisible = 0;
			defaultConfigurationName = Release;
		};
/* End XCConfigurationList section */
	};
	rootObject = 4548F9922375D937004E4E61 /* Project object */;
}
